
Microsoft Visual Studio Solution File, Format Version 12.00
# Visual Studio Version 16
VisualStudioVersion = 16.0.30523.141
MinimumVisualStudioVersion = 10.0.40219.1
Project("{FAE04EC0-301F-11D3-BF4B-00C04F79EFBC}") = "TCPObserver", "TCPObserver\TCPObserver.csproj", "{52C6D27B-C1F9-42B9-8DE6-70C67F87E49A}"
EndProject
Project("{FAE04EC0-301F-11D3-BF4B-00C04F79EFBC}") = "ClientApp", "ClientApp\ClientApp.csproj", "{440E8623-DC63-4775-8618-A95EEC4EACC4}"
EndProject
Project("{FAE04EC0-301F-11D3-BF4B-00C04F79EFBC}") = "ServerApp", "ServerApp\ServerApp.csproj", "{5429460C-FEE1-4F64-BAE5-6CDFF90589F4}"
EndProject
Global
	GlobalSection(SolutionConfigurationPlatforms) = preSolution
		Debug|Any CPU = Debug|Any CPU
		Release|Any CPU = Release|Any CPU
	EndGlobalSection
	GlobalSection(ProjectConfigurationPlatforms) = postSolution
		{52C6D27B-C1F9-42B9-8DE6-70C67F87E49A}.Debug|Any CPU.ActiveCfg = Debug|Any CPU
		{52C6D27B-C1F9-42B9-8DE6-70C67F87E49A}.Debug|Any CPU.Build.0 = Debug|Any CPU
		{52C6D27B-C1F9-42B9-8DE6-70C67F87E49A}.Release|Any CPU.ActiveCfg = Release|Any CPU
		{52C6D27B-C1F9-42B9-8DE6-70C67F87E49A}.Release|Any CPU.Build.0 = Release|Any CPU
		{440E8623-DC63-4775-8618-A95EEC4EACC4}.Debug|Any CPU.ActiveCfg = Debug|Any CPU
		{440E8623-DC63-4775-8618-A95EEC4EACC4}.Debug|Any CPU.Build.0 = Debug|Any CPU
		{440E8623-DC63-4775-8618-A95EEC4EACC4}.Release|Any CPU.ActiveCfg = Release|Any CPU
		{440E8623-DC63-4775-8618-A95EEC4EACC4}.Release|Any CPU.Build.0 = Release|Any CPU
		{5429460C-FEE1-4F64-BAE5-6CDFF90589F4}.Debug|Any CPU.ActiveCfg = Debug|Any CPU
		{5429460C-FEE1-4F64-BAE5-6CDFF90589F4}.Debug|Any CPU.Build.0 = Debug|Any CPU
		{5429460C-FEE1-4F64-BAE5-6CDFF90589F4}.Release|Any CPU.ActiveCfg = Release|Any CPU
		{5429460C-FEE1-4F64-BAE5-6CDFF90589F4}.Release|Any CPU.Build.0 = Release|Any CPU
	EndGlobalSection
	GlobalSection(SolutionProperties) = preSolution
		HideSolutionNode = FALSE
	EndGlobalSection
	GlobalSection(ExtensibilityGlobals) = postSolution
		SolutionGuid = {EA484AC4-3C8B-4A2F-951F-94880801DF0B}
	EndGlobalSection
EndGlobal
